
Microsoft Visual Studio Solution File, Format Version 12.00
# Visual Studio Version 16
VisualStudioVersion = 16.0.31829.152
MinimumVisualStudioVersion = 10.0.40219.1
Project("{FAE04EC0-301F-11D3-BF4B-00C04F79EFBC}") = "задача 4 цикл for для N", "задача 4 цикл for для N\задача 4 цикл for для N.csproj", "{266979D3-C7ED-4E50-959B-6A04CD64A7C3}"
EndProject
Global
	GlobalSection(SolutionConfigurationPlatforms) = preSolution
		Debug|Any CPU = Debug|Any CPU
		Release|Any CPU = Release|Any CPU
	EndGlobalSection
	GlobalSection(ProjectConfigurationPlatforms) = postSolution
		{266979D3-C7ED-4E50-959B-6A04CD64A7C3}.Debug|Any CPU.ActiveCfg = Debug|Any CPU
		{266979D3-C7ED-4E50-959B-6A04CD64A7C3}.Debug|Any CPU.Build.0 = Debug|Any CPU
		{266979D3-C7ED-4E50-959B-6A04CD64A7C3}.Release|Any CPU.ActiveCfg = Release|Any CPU
		{266979D3-C7ED-4E50-959B-6A04CD64A7C3}.Release|Any CPU.Build.0 = Release|Any CPU
	EndGlobalSection
	GlobalSection(SolutionProperties) = preSolution
		HideSolutionNode = FALSE
	EndGlobalSection
	GlobalSection(ExtensibilityGlobals) = postSolution
		SolutionGuid = {25BCA878-DD4C-4CF2-97EE-2FFD727AD22B}
	EndGlobalSection
EndGlobal
